# This file is automatically @generated by Cargo.
# It is not intended for manual editing.
version = 3

[[package]]
name = "addr2line"
version = "0.24.1"
source = "registry+https://github.com/rust-lang/crates.io-index"
checksum = "f5fb1d8e4442bd405fdfd1dacb42792696b0cf9cb15882e5d097b742a676d375"
dependencies = [
 "gimli",
]

[[package]]
name = "adler2"
version = "2.0.0"
source = "registry+https://github.com/rust-lang/crates.io-index"
checksum = "512761e0bb2578dd7380c6baaa0f4ce03e84f95e960231d1dec8bf4d7d6e2627"

[[package]]
name = "ahash"
version = "0.7.6"
source = "registry+https://github.com/rust-lang/crates.io-index"
checksum = "fcb51a0695d8f838b1ee009b3fbf66bda078cd64590202a864a8f3e8c4315c47"
dependencies = [
 "getrandom",
 "once_cell",
 "version_check",
]

[[package]]
name = "ahash"
version = "0.8.11"
source = "registry+https://github.com/rust-lang/crates.io-index"
checksum = "e89da841a80418a9b391ebaea17f5c112ffaaa96f621d2c285b5174da76b9011"
dependencies = [
 "cfg-if",
 "once_cell",
 "version_check",
 "zerocopy",
]

[[package]]
name = "allocator-api2"
version = "0.2.18"
source = "registry+https://github.com/rust-lang/crates.io-index"
checksum = "5c6cb57a04249c6480766f7f7cef5467412af1490f8d1e243141daddada3264f"

[[package]]
name = "anymap2"
version = "0.13.0"
source = "registry+https://github.com/rust-lang/crates.io-index"
checksum = "d301b3b94cb4b2f23d7917810addbbaff90738e0ca2be692bd027e70d7e0330c"

[[package]]
name = "async-stream"
version = "0.3.5"
source = "registry+https://github.com/rust-lang/crates.io-index"
checksum = "cd56dd203fef61ac097dd65721a419ddccb106b2d2b70ba60a6b529f03961a51"
dependencies = [
 "async-stream-impl",
 "futures-core",
 "pin-project-lite",
]

[[package]]
name = "async-stream-impl"
version = "0.3.5"
source = "registry+https://github.com/rust-lang/crates.io-index"
checksum = "16e62a023e7c117e27523144c5d2459f4397fcc3cab0085af8e2224f643a0193"
dependencies = [
 "proc-macro2",
 "quote",
 "syn 2.0.77",
]

[[package]]
name = "autocfg"
version = "1.1.0"
source = "registry+https://github.com/rust-lang/crates.io-index"
checksum = "d468802bab17cbc0cc575e9b053f41e72aa36bfa6b7f55e3529ffa43161b97fa"

[[package]]
name = "backtrace"
version = "0.3.74"
source = "registry+https://github.com/rust-lang/crates.io-index"
checksum = "8d82cb332cdfaed17ae235a638438ac4d4839913cc2af585c3c6746e8f8bee1a"
dependencies = [
 "addr2line",
 "cfg-if",
 "libc",
 "miniz_oxide",
 "object",
 "rustc-demangle",
 "windows-targets",
]

[[package]]
name = "bincode"
version = "1.3.3"
source = "registry+https://github.com/rust-lang/crates.io-index"
checksum = "b1f45e9417d87227c7a56d22e471c6206462cba514c7590c09aff4cf6d1ddcad"
dependencies = [
 "serde",
]

[[package]]
name = "bumpalo"
version = "3.12.0"
source = "registry+https://github.com/rust-lang/crates.io-index"
checksum = "0d261e256854913907f67ed06efbc3338dfe6179796deefc1ff763fc1aee5535"

[[package]]
name = "byteorder"
version = "1.5.0"
source = "registry+https://github.com/rust-lang/crates.io-index"
checksum = "1fd0f2584146f6f2ef48085050886acf353beff7305ebd1ae69500e27c67f64b"

[[package]]
name = "cfg-if"
version = "1.0.0"
source = "registry+https://github.com/rust-lang/crates.io-index"
checksum = "baf1de4339761588bc0619e3cbc0120ee582ebb74b53b4efbf79117bd2da40fd"

[[package]]
name = "console_error_panic_hook"
version = "0.1.7"
source = "registry+https://github.com/rust-lang/crates.io-index"
checksum = "a06aeb73f470f66dcdbf7223caeebb85984942f22f1adb2a088cf9668146bbbc"
dependencies = [
 "cfg-if",
 "wasm-bindgen",
]

[[package]]
name = "demo"
version = "0.1.0"
dependencies = [
 "console_error_panic_hook",
 "js-sys",
 "sycamore 0.8.0-beta.7",
 "sycamore-hooks",
 "sycamore-router",
]

[[package]]
name = "equivalent"
version = "1.0.1"
source = "registry+https://github.com/rust-lang/crates.io-index"
checksum = "5443807d6dff69373d433ab9ef5378ad8df50ca6298caf15de6e52e24aaf54d5"

[[package]]
name = "fnv"
version = "1.0.7"
source = "registry+https://github.com/rust-lang/crates.io-index"
checksum = "3f9eec918d3f24069decb9af1554cad7c880e2da24a9afd88aca000531ab82c1"

[[package]]
name = "form_urlencoded"
version = "1.0.1"
source = "registry+https://github.com/rust-lang/crates.io-index"
checksum = "5fc25a87fa4fd2094bffb06925852034d90a17f0d1e05197d4956d3555752191"
dependencies = [
 "matches",
 "percent-encoding",
]

[[package]]
name = "futures"
version = "0.3.30"
source = "registry+https://github.com/rust-lang/crates.io-index"
checksum = "645c6916888f6cb6350d2550b80fb63e734897a8498abe35cfb732b6487804b0"
dependencies = [
 "futures-channel",
 "futures-core",
 "futures-executor",
 "futures-io",
 "futures-sink",
 "futures-task",
 "futures-util",
]

[[package]]
name = "futures-channel"
version = "0.3.30"
source = "registry+https://github.com/rust-lang/crates.io-index"
checksum = "eac8f7d7865dcb88bd4373ab671c8cf4508703796caa2b1985a9ca867b3fcb78"
dependencies = [
 "futures-core",
 "futures-sink",
]

[[package]]
name = "futures-core"
version = "0.3.30"
source = "registry+https://github.com/rust-lang/crates.io-index"
checksum = "dfc6580bb841c5a68e9ef15c77ccc837b40a7504914d52e47b8b0e9bbda25a1d"

[[package]]
name = "futures-executor"
version = "0.3.30"
source = "registry+https://github.com/rust-lang/crates.io-index"
checksum = "a576fc72ae164fca6b9db127eaa9a9dda0d61316034f33a0a0d4eda41f02b01d"
dependencies = [
 "futures-core",
 "futures-task",
 "futures-util",
]

[[package]]
name = "futures-io"
version = "0.3.30"
source = "registry+https://github.com/rust-lang/crates.io-index"
checksum = "a44623e20b9681a318efdd71c299b6b222ed6f231972bfe2f224ebad6311f0c1"

[[package]]
name = "futures-macro"
version = "0.3.30"
source = "registry+https://github.com/rust-lang/crates.io-index"
checksum = "87750cf4b7a4c0625b1529e4c543c2182106e4dedc60a2a6455e00d212c489ac"
dependencies = [
 "proc-macro2",
 "quote",
 "syn 2.0.77",
]

[[package]]
name = "futures-sink"
version = "0.3.30"
source = "registry+https://github.com/rust-lang/crates.io-index"
checksum = "9fb8e00e87438d937621c1c6269e53f536c14d3fbd6a042bb24879e57d474fb5"

[[package]]
name = "futures-task"
version = "0.3.30"
source = "registry+https://github.com/rust-lang/crates.io-index"
checksum = "38d84fa142264698cdce1a9f9172cf383a0c82de1bddcf3092901442c4097004"

[[package]]
name = "futures-util"
version = "0.3.30"
source = "registry+https://github.com/rust-lang/crates.io-index"
checksum = "3d6401deb83407ab3da39eba7e33987a73c3df0c82b4bb5813ee871c19c41d48"
dependencies = [
 "futures-channel",
 "futures-core",
 "futures-io",
 "futures-macro",
 "futures-sink",
 "futures-task",
 "memchr",
 "pin-project-lite",
 "pin-utils",
 "slab",
]

[[package]]
name = "getrandom"
version = "0.2.7"
source = "registry+https://github.com/rust-lang/crates.io-index"
checksum = "4eb1a864a501629691edf6c15a593b7a51eebaa1e8468e9ddc623de7c9b58ec6"
dependencies = [
 "cfg-if",
 "libc",
 "wasi",
]

[[package]]
name = "gimli"
version = "0.31.0"
source = "registry+https://github.com/rust-lang/crates.io-index"
checksum = "32085ea23f3234fc7846555e85283ba4de91e21016dc0455a16286d87a292d64"

[[package]]
name = "gloo"
version = "0.8.0"
source = "registry+https://github.com/rust-lang/crates.io-index"
checksum = "3a4bef6b277b3ab073253d4bca60761240cf8d6998f4bd142211957b69a61b20"
dependencies = [
 "gloo-console",
 "gloo-dialogs",
 "gloo-events",
 "gloo-file",
 "gloo-history",
 "gloo-net",
 "gloo-render",
 "gloo-storage",
 "gloo-timers",
 "gloo-utils",
 "gloo-worker",
]

[[package]]
name = "gloo-console"
version = "0.2.1"
source = "registry+https://github.com/rust-lang/crates.io-index"
checksum = "3907f786f65bbb4f419e918b0c5674175ef1c231ecda93b2dbd65fd1e8882637"
dependencies = [
 "js-sys",
 "serde",
 "wasm-bindgen",
 "web-sys",
]

[[package]]
name = "gloo-dialogs"
version = "0.1.1"
source = "registry+https://github.com/rust-lang/crates.io-index"
checksum = "67062364ac72d27f08445a46cab428188e2e224ec9e37efdba48ae8c289002e6"
dependencies = [
 "wasm-bindgen",
 "web-sys",
]

[[package]]
name = "gloo-events"
version = "0.1.2"
source = "registry+https://github.com/rust-lang/crates.io-index"
checksum = "68b107f8abed8105e4182de63845afcc7b69c098b7852a813ea7462a320992fc"
dependencies = [
 "wasm-bindgen",
 "web-sys",
]

[[package]]
name = "gloo-file"
version = "0.2.3"
source = "registry+https://github.com/rust-lang/crates.io-index"
checksum = "a8d5564e570a38b43d78bdc063374a0c3098c4f0d64005b12f9bbe87e869b6d7"
dependencies = [
 "gloo-events",
 "js-sys",
 "wasm-bindgen",
 "web-sys",
]

[[package]]
name = "gloo-history"
version = "0.1.0"
source = "registry+https://github.com/rust-lang/crates.io-index"
checksum = "f81af52c0d31e86242eecefe1ed4d066deb79cfb80f9f7da0847fac417396bfe"
dependencies = [
 "gloo-events",
 "gloo-utils",
 "serde",
 "serde-wasm-bindgen",
 "serde_urlencoded",
 "thiserror",
 "wasm-bindgen",
 "web-sys",
]

[[package]]
name = "gloo-net"
version = "0.2.3"
source = "registry+https://github.com/rust-lang/crates.io-index"
checksum = "351e6f94c76579cc9f9323a15f209086fc7bd428bff4288723d3a417851757b2"
dependencies = [
 "futures-channel",
 "futures-core",
 "futures-sink",
 "gloo-utils",
 "js-sys",
 "pin-project",
 "serde",
 "serde_json",
 "thiserror",
 "wasm-bindgen",
 "wasm-bindgen-futures",
 "web-sys",
]

[[package]]
name = "gloo-render"
version = "0.1.1"
source = "registry+https://github.com/rust-lang/crates.io-index"
checksum = "2fd9306aef67cfd4449823aadcd14e3958e0800aa2183955a309112a84ec7764"
dependencies = [
 "wasm-bindgen",
 "web-sys",
]

[[package]]
name = "gloo-storage"
version = "0.2.1"
source = "registry+https://github.com/rust-lang/crates.io-index"
checksum = "1caa4ba51c99de680dee3ad99c32ca45e9f13311be72079154d222c3f9a6b6f5"
dependencies = [
 "gloo-utils",
 "js-sys",
 "serde",
 "serde_json",
 "thiserror",
 "wasm-bindgen",
 "web-sys",
]

[[package]]
name = "gloo-timers"
version = "0.2.4"
source = "registry+https://github.com/rust-lang/crates.io-index"
checksum = "5fb7d06c1c8cc2a29bee7ec961009a0b2caa0793ee4900c2ffb348734ba1c8f9"
dependencies = [
 "futures-channel",
 "futures-core",
 "js-sys",
 "wasm-bindgen",
]

[[package]]
name = "gloo-utils"
version = "0.1.4"
source = "registry+https://github.com/rust-lang/crates.io-index"
checksum = "929c53c913bb7a88d75d9dc3e9705f963d8c2b9001510b25ddaf671b9fb7049d"
dependencies = [
 "js-sys",
 "wasm-bindgen",
 "web-sys",
]

[[package]]
name = "gloo-worker"
version = "0.2.0"
source = "registry+https://github.com/rust-lang/crates.io-index"
checksum = "9caac1b89bbe1e1454bb23e4d046a3fc92438ae2e95fb429c41685789e1fcbaa"
dependencies = [
 "anymap2",
 "bincode",
 "gloo-console",
 "gloo-utils",
 "js-sys",
 "serde",
 "wasm-bindgen",
 "wasm-bindgen-futures",
 "web-sys",
]

[[package]]
name = "hashbrown"
version = "0.12.3"
source = "registry+https://github.com/rust-lang/crates.io-index"
checksum = "8a9ee70c43aaf417c914396645a0fa852624801b24ebb7ae78fe8272889ac888"

[[package]]
name = "hashbrown"
version = "0.14.5"
source = "registry+https://github.com/rust-lang/crates.io-index"
checksum = "e5274423e17b7c9fc20b6e7e208532f9b19825d82dfd615708b70edd83df41f1"
dependencies = [
 "ahash 0.8.11",
 "allocator-api2",
]

[[package]]
name = "html-escape"
version = "0.2.13"
source = "registry+https://github.com/rust-lang/crates.io-index"
checksum = "6d1ad449764d627e22bfd7cd5e8868264fc9236e07c752972b4080cd351cb476"
dependencies = [
 "utf8-width",
]

[[package]]
name = "indexmap"
version = "1.9.1"
source = "registry+https://github.com/rust-lang/crates.io-index"
checksum = "10a35a97730320ffe8e2d410b5d3b69279b98d2c14bdb8b70ea89ecf7888d41e"
dependencies = [
 "autocfg",
 "hashbrown 0.12.3",
]

[[package]]
name = "indexmap"
version = "2.5.0"
source = "registry+https://github.com/rust-lang/crates.io-index"
checksum = "68b900aa2f7301e21c36462b170ee99994de34dff39a4a6a528e80e7376d07e5"
dependencies = [
 "equivalent",
 "hashbrown 0.14.5",
]

[[package]]
name = "itoa"
version = "1.0.2"
source = "registry+https://github.com/rust-lang/crates.io-index"
checksum = "112c678d4050afce233f4f2852bb2eb519230b3cf12f33585275537d7e41578d"

[[package]]
name = "js-sys"
version = "0.3.70"
source = "registry+https://github.com/rust-lang/crates.io-index"
checksum = "1868808506b929d7b0cfa8f75951347aa71bb21144b7791bae35d9bccfcfe37a"
dependencies = [
 "wasm-bindgen",
]

[[package]]
name = "libc"
version = "0.2.158"
source = "registry+https://github.com/rust-lang/crates.io-index"
checksum = "d8adc4bb1803a324070e64a98ae98f38934d91957a99cfb3a43dcbc01bc56439"

[[package]]
name = "log"
version = "0.4.17"
source = "registry+https://github.com/rust-lang/crates.io-index"
checksum = "abb12e687cfb44aa40f41fc3978ef76448f9b6038cad6aef4259d3c095a2382e"
dependencies = [
 "cfg-if",
]

[[package]]
name = "matches"
version = "0.1.9"
source = "registry+https://github.com/rust-lang/crates.io-index"
checksum = "a3e378b66a060d48947b590737b30a1be76706c8dd7b8ba0f2fe3989c68a853f"

[[package]]
name = "memchr"
version = "2.5.0"
source = "registry+https://github.com/rust-lang/crates.io-index"
checksum = "2dffe52ecf27772e601905b7522cb4ef790d2cc203488bbd0e2fe85fcb74566d"

[[package]]
name = "minimal-lexical"
version = "0.2.1"
source = "registry+https://github.com/rust-lang/crates.io-index"
checksum = "68354c5c6bd36d73ff3feceb05efa59b6acb7626617f4962be322a825e61f79a"

[[package]]
name = "miniz_oxide"
version = "0.8.0"
source = "registry+https://github.com/rust-lang/crates.io-index"
checksum = "e2d80299ef12ff69b16a84bb182e3b9df68b5a91574d3d4fa6e41b65deec4df1"
dependencies = [
 "adler2",
]

[[package]]
name = "nom"
version = "7.1.1"
source = "registry+https://github.com/rust-lang/crates.io-index"
checksum = "a8903e5a29a317527874d0402f867152a3d21c908bb0b933e416c65e301d4c36"
dependencies = [
 "memchr",
 "minimal-lexical",
]

[[package]]
name = "object"
version = "0.36.4"
source = "registry+https://github.com/rust-lang/crates.io-index"
checksum = "084f1a5821ac4c651660a94a7153d27ac9d8a53736203f58b31945ded098070a"
dependencies = [
 "memchr",
]

[[package]]
name = "once_cell"
version = "1.19.0"
source = "registry+https://github.com/rust-lang/crates.io-index"
checksum = "3fdb12b2476b595f9358c5161aa467c2438859caa136dec86c26fdd2efe17b92"

[[package]]
name = "paste"
version = "1.0.15"
source = "registry+https://github.com/rust-lang/crates.io-index"
checksum = "57c0d7b74b563b49d38dae00a0c37d4d6de9b432382b2892f0574ddcae73fd0a"

[[package]]
name = "percent-encoding"
version = "2.1.0"
source = "registry+https://github.com/rust-lang/crates.io-index"
checksum = "d4fd5641d01c8f18a23da7b6fe29298ff4b55afcccdf78973b24cf3175fee32e"

[[package]]
name = "pin-project"
version = "1.1.5"
source = "registry+https://github.com/rust-lang/crates.io-index"
checksum = "b6bf43b791c5b9e34c3d182969b4abb522f9343702850a2e57f460d00d09b4b3"
dependencies = [
 "pin-project-internal",
]

[[package]]
name = "pin-project-internal"
version = "1.1.5"
source = "registry+https://github.com/rust-lang/crates.io-index"
checksum = "2f38a4412a78282e09a2cf38d195ea5420d15ba0602cb375210efbc877243965"
dependencies = [
 "proc-macro2",
 "quote",
 "syn 2.0.77",
]

[[package]]
name = "pin-project-lite"
version = "0.2.9"
source = "registry+https://github.com/rust-lang/crates.io-index"
checksum = "e0a7ae3ac2f1173085d398531c705756c94a4c56843785df85a60c1a0afac116"

[[package]]
name = "pin-utils"
version = "0.1.0"
source = "registry+https://github.com/rust-lang/crates.io-index"
checksum = "8b870d8c151b6f2fb93e84a13146138f05d02ed11c7e7c54f8826aaaf7c9f184"

[[package]]
name = "ppv-lite86"
version = "0.2.20"
source = "registry+https://github.com/rust-lang/crates.io-index"
checksum = "77957b295656769bb8ad2b6a6b09d897d94f05c41b069aede1fcdaa675eaea04"
dependencies = [
 "zerocopy",
]

[[package]]
name = "proc-macro2"
version = "1.0.86"
source = "registry+https://github.com/rust-lang/crates.io-index"
checksum = "5e719e8df665df0d1c8fbfd238015744736151d4445ec0836b8e628aae103b77"
dependencies = [
 "unicode-ident",
]

[[package]]
name = "quote"
version = "1.0.37"
source = "registry+https://github.com/rust-lang/crates.io-index"
checksum = "b5b9d34b8991d19d98081b46eacdd8eb58c6f2b201139f7c5f643cc155a633af"
dependencies = [
 "proc-macro2",
]

[[package]]
name = "rand"
version = "0.8.5"
source = "registry+https://github.com/rust-lang/crates.io-index"
checksum = "34af8d1a0e25924bc5b7c43c079c942339d8f0a8b57c39049bef581b46327404"
dependencies = [
 "libc",
 "rand_chacha",
 "rand_core",
]

[[package]]
name = "rand_chacha"
version = "0.3.1"
source = "registry+https://github.com/rust-lang/crates.io-index"
checksum = "e6c10a63a0fa32252be49d21e7709d4d4baf8d231c2dbce1eaa8141b9b127d88"
dependencies = [
 "ppv-lite86",
 "rand_core",
]

[[package]]
name = "rand_core"
version = "0.6.4"
source = "registry+https://github.com/rust-lang/crates.io-index"
checksum = "ec0be4795e2f6a28069bec0b5ff3e2ac9bafc99e6a9a7dc3547996c5c816922c"
dependencies = [
 "getrandom",
]

[[package]]
name = "rustc-demangle"
version = "0.1.24"
source = "registry+https://github.com/rust-lang/crates.io-index"
checksum = "719b953e2095829ee67db738b3bfa9fa368c94900df327b3f07fe6e794d2fe1f"

[[package]]
name = "ryu"
version = "1.0.10"
source = "registry+https://github.com/rust-lang/crates.io-index"
checksum = "f3f6f92acf49d1b98f7a81226834412ada05458b7364277387724a237f062695"

[[package]]
name = "serde"
version = "1.0.140"
source = "registry+https://github.com/rust-lang/crates.io-index"
checksum = "fc855a42c7967b7c369eb5860f7164ef1f6f81c20c7cc1141f2a604e18723b03"
dependencies = [
 "serde_derive",
]

[[package]]
name = "serde-wasm-bindgen"
version = "0.3.1"
source = "registry+https://github.com/rust-lang/crates.io-index"
checksum = "618365e8e586c22123d692b72a7d791d5ee697817b65a218cdf12a98870af0f7"
dependencies = [
 "fnv",
 "js-sys",
 "serde",
 "wasm-bindgen",
]

[[package]]
name = "serde_derive"
version = "1.0.140"
source = "registry+https://github.com/rust-lang/crates.io-index"
checksum = "6f2122636b9fe3b81f1cb25099fcf2d3f542cdb1d45940d56c713158884a05da"
dependencies = [
 "proc-macro2",
 "quote",
 "syn 1.0.98",
]

[[package]]
name = "serde_json"
version = "1.0.82"
source = "registry+https://github.com/rust-lang/crates.io-index"
checksum = "82c2c1fdcd807d1098552c5b9a36e425e42e9fbd7c6a37a8425f390f781f7fa7"
dependencies = [
 "itoa",
 "ryu",
 "serde",
]

[[package]]
name = "serde_urlencoded"
version = "0.7.1"
source = "registry+https://github.com/rust-lang/crates.io-index"
checksum = "d3491c14715ca2294c4d6a88f15e84739788c1d030eed8c110436aafdaa2f3fd"
dependencies = [
 "form_urlencoded",
 "itoa",
 "ryu",
 "serde",
]

[[package]]
name = "slab"
version = "0.4.7"
source = "registry+https://github.com/rust-lang/crates.io-index"
checksum = "4614a76b2a8be0058caa9dbbaf66d988527d86d003c11a94fbd335d7661edcef"
dependencies = [
 "autocfg",
]

[[package]]
name = "slotmap"
version = "1.0.6"
source = "registry+https://github.com/rust-lang/crates.io-index"
checksum = "e1e08e261d0e8f5c43123b7adf3e4ca1690d655377ac93a03b2c9d3e98de1342"
dependencies = [
 "version_check",
]

[[package]]
name = "smallvec"
version = "1.13.2"
source = "registry+https://github.com/rust-lang/crates.io-index"
checksum = "3c5e1a9a646d36c3599cd173a41282daf47c44583ad367b8e6837255952e5c67"

[[package]]
name = "sycamore"
version = "0.8.0-beta.7"
source = "registry+https://github.com/rust-lang/crates.io-index"
checksum = "3a3fad8d7500e6f00f7415f3f3b4d7c465b9edce7eaa9f2d725ced0f99fae3c2"
dependencies = [
 "ahash 0.7.6",
 "futures",
 "indexmap 1.9.1",
 "js-sys",
 "paste",
 "sycamore-core 0.8.0-beta.7",
 "sycamore-futures 0.8.0-beta.7",
 "sycamore-macro 0.8.0-beta.7",
 "sycamore-reactive 0.8.0-beta.7",
 "sycamore-web 0.8.0-beta.7",
 "wasm-bindgen",
 "wasm-bindgen-futures",
 "web-sys",
]

[[package]]
name = "sycamore"
version = "0.9.0-beta.4"
source = "registry+https://github.com/rust-lang/crates.io-index"
checksum = "5fc0e2e35810f416486219451ae5b6ea5f3d55601cc41a28c6b7972e433d5767"
dependencies = [
 "futures",
 "hashbrown 0.14.5",
 "indexmap 2.5.0",
 "paste",
 "sycamore-core 0.9.0-beta.4",
 "sycamore-futures 0.9.0-beta.4",
 "sycamore-macro 0.9.0-beta.4",
 "sycamore-reactive 0.9.0-beta.4",
 "sycamore-web 0.9.0-beta.4",
 "wasm-bindgen",
 "wasm-bindgen-futures",
 "web-sys",
]

[[package]]
name = "sycamore-core"
version = "0.8.0-beta.7"
source = "registry+https://github.com/rust-lang/crates.io-index"
checksum = "5e3f2be6d4d8aaaae4ab9e7ce3414555dfb0675dfd5b02d733a57f448578f48d"
dependencies = [
 "ahash 0.7.6",
 "sycamore-reactive 0.8.0-beta.7",
]

[[package]]
name = "sycamore-core"
version = "0.9.0-beta.4"
source = "registry+https://github.com/rust-lang/crates.io-index"
checksum = "9428c8d8949e2ebe57f7b84329619e48d431874db05de735d6badec45e3fe280"
dependencies = [
 "hashbrown 0.14.5",
 "paste",
 "sycamore-futures 0.9.0-beta.4",
 "sycamore-reactive 0.9.0-beta.4",
]

[[package]]
name = "sycamore-futures"
version = "0.8.0-beta.7"
source = "registry+https://github.com/rust-lang/crates.io-index"
checksum = "faebade534e638217448ebc6b4cc7a52471ce055a04090e9e628e783bf629e4e"
dependencies = [
 "futures",
 "sycamore-reactive 0.8.0-beta.7",
 "tokio",
 "wasm-bindgen-futures",
]

[[package]]
name = "sycamore-futures"
version = "0.9.0-beta.4"
source = "registry+https://github.com/rust-lang/crates.io-index"
checksum = "e5c47b19125e659f5a6239ef78ec53fa581f9f006d974d06ae9ae8bf10f93747"
dependencies = [
 "futures",
 "pin-project",
 "sycamore-macro 0.9.0-beta.4",
 "sycamore-reactive 0.9.0-beta.4",
 "tokio",
 "wasm-bindgen-futures",
]

[[package]]
name = "sycamore-hooks"
version = "0.1.0"
dependencies = [
 "futures",
 "gloo",
 "gloo-timers",
 "js-sys",
 "serde",
 "sycamore 0.9.0-beta.4",
 "tokio",
 "web-sys",
]

[[package]]
name = "sycamore-macro"
version = "0.8.0-beta.7"
source = "registry+https://github.com/rust-lang/crates.io-index"
checksum = "bd6ece3ca423f48a9cb6e8a63478c83553cd4dc934de6f1aeb4b5ddb5d3e4cc2"
dependencies = [
 "once_cell",
 "proc-macro2",
 "quote",
 "syn 1.0.98",
]

[[package]]
name = "sycamore-macro"
version = "0.9.0-beta.4"
source = "registry+https://github.com/rust-lang/crates.io-index"
checksum = "2513e76bc8d121a81fa1dca062aeb60ce248044a4fae1ac5780c55f1285b674f"
dependencies = [
 "once_cell",
 "proc-macro2",
 "quote",
 "rand",
 "sycamore-view-parser",
 "syn 2.0.77",
]

[[package]]
name = "sycamore-reactive"
version = "0.8.0-beta.7"
source = "registry+https://github.com/rust-lang/crates.io-index"
checksum = "882dc1ea88a82d9fbeeca12d2580094b4919b63b6aa1b102b29db53ffb64f6a3"
dependencies = [
 "ahash 0.7.6",
 "bumpalo",
 "indexmap 1.9.1",
 "slotmap",
 "smallvec",
]

[[package]]
name = "sycamore-reactive"
version = "0.9.0-beta.4"
source = "registry+https://github.com/rust-lang/crates.io-index"
checksum = "3e8f518b58d4194132398e56cbc5a39c8598e2ee5376911b135f0e02f3ae03ed"
dependencies = [
 "paste",
 "slotmap",
 "smallvec",
]

[[package]]
name = "sycamore-router"
version = "0.8.0-beta.7"
source = "registry+https://github.com/rust-lang/crates.io-index"
checksum = "fcf2b78437bb7f99f49a9c13a58f99df2ac095b021380df26f2cc49513271c33"
dependencies = [
 "sycamore 0.8.0-beta.7",
 "sycamore-router-macro",
 "wasm-bindgen",
 "web-sys",
]

[[package]]
name = "sycamore-router-macro"
version = "0.8.0-beta.7"
source = "registry+https://github.com/rust-lang/crates.io-index"
checksum = "aec8071fb3b105e9444ea2d04d88a4c8f8e68515311f72af76cfe0990bf745ad"
dependencies = [
 "nom",
 "proc-macro2",
 "quote",
 "syn 1.0.98",
 "unicode-xid",
]

[[package]]
name = "sycamore-view-parser"
version = "0.9.0-beta.4"
source = "registry+https://github.com/rust-lang/crates.io-index"
checksum = "c2cd6e8c527c7728a017bc5b92286e9cfe0aa0d8329cc523d44b2f64a678f928"
dependencies = [
 "proc-macro2",
 "quote",
 "syn 2.0.77",
]

[[package]]
name = "sycamore-web"
version = "0.8.0-beta.7"
source = "registry+https://github.com/rust-lang/crates.io-index"
checksum = "6be07a7ff3eed2e80c25efd24f4bec0a6eeca48b32f128d83ba4221ae3230f0d"
dependencies = [
 "html-escape",
 "indexmap 1.9.1",
 "js-sys",
 "once_cell",
 "sycamore-core 0.8.0-beta.7",
 "sycamore-reactive 0.8.0-beta.7",
 "wasm-bindgen",
 "web-sys",
]

[[package]]
name = "sycamore-web"
version = "0.9.0-beta.4"
source = "registry+https://github.com/rust-lang/crates.io-index"
checksum = "c1ad26b43a3975802c665ee01e8505633549031c6052d510a3396bfb0c942170"
dependencies = [
 "async-stream",
 "futures",
 "html-escape",
 "js-sys",
 "once_cell",
 "paste",
 "smallvec",
 "sycamore-core 0.9.0-beta.4",
 "sycamore-futures 0.9.0-beta.4",
 "sycamore-macro 0.9.0-beta.4",
 "sycamore-reactive 0.9.0-beta.4",
 "wasm-bindgen",
 "web-sys",
]

[[package]]
name = "syn"
version = "1.0.98"
source = "registry+https://github.com/rust-lang/crates.io-index"
checksum = "c50aef8a904de4c23c788f104b7dddc7d6f79c647c7c8ce4cc8f73eb0ca773dd"
dependencies = [
 "proc-macro2",
 "quote",
 "unicode-ident",
]

[[package]]
name = "syn"
version = "2.0.77"
source = "registry+https://github.com/rust-lang/crates.io-index"
checksum = "9f35bcdf61fd8e7be6caf75f429fdca8beb3ed76584befb503b1569faee373ed"
dependencies = [
 "proc-macro2",
 "quote",
 "unicode-ident",
]

[[package]]
name = "thiserror"
version = "1.0.31"
source = "registry+https://github.com/rust-lang/crates.io-index"
checksum = "bd829fe32373d27f76265620b5309d0340cb8550f523c1dda251d6298069069a"
dependencies = [
 "thiserror-impl",
]

[[package]]
name = "thiserror-impl"
version = "1.0.31"
source = "registry+https://github.com/rust-lang/crates.io-index"
checksum = "0396bc89e626244658bef819e22d0cc459e795a5ebe878e6ec336d1674a8d79a"
dependencies = [
 "proc-macro2",
 "quote",
 "syn 1.0.98",
]

[[package]]
name = "tokio"
version = "1.29.1"
source = "registry+https://github.com/rust-lang/crates.io-index"
checksum = "532826ff75199d5833b9d2c5fe410f29235e25704ee5f0ef599fb51c21f4a4da"
dependencies = [
 "autocfg",
 "backtrace",
 "pin-project-lite",
 "tokio-macros",
]

[[package]]
name = "tokio-macros"
version = "2.1.0"
source = "registry+https://github.com/rust-lang/crates.io-index"
checksum = "630bdcf245f78637c13ec01ffae6187cca34625e8c63150d424b59e55af2675e"
dependencies = [
 "proc-macro2",
 "quote",
 "syn 2.0.77",
]

[[package]]
name = "unicode-ident"
version = "1.0.2"
source = "registry+https://github.com/rust-lang/crates.io-index"
checksum = "15c61ba63f9235225a22310255a29b806b907c9b8c964bcbd0a2c70f3f2deea7"

[[package]]
name = "unicode-xid"
version = "0.2.3"
source = "registry+https://github.com/rust-lang/crates.io-index"
checksum = "957e51f3646910546462e67d5f7599b9e4fb8acdd304b087a6494730f9eebf04"

[[package]]
name = "utf8-width"
version = "0.1.6"
source = "registry+https://github.com/rust-lang/crates.io-index"
checksum = "5190c9442dcdaf0ddd50f37420417d219ae5261bbf5db120d0f9bab996c9cba1"

[[package]]
name = "version_check"
version = "0.9.4"
source = "registry+https://github.com/rust-lang/crates.io-index"
checksum = "49874b5167b65d7193b8aba1567f5c7d93d001cafc34600cee003eda787e483f"

[[package]]
name = "wasi"
version = "0.11.0+wasi-snapshot-preview1"
source = "registry+https://github.com/rust-lang/crates.io-index"
checksum = "9c8d87e72b64a3b4db28d11ce29237c246188f4f51057d65a7eab63b7987e423"

[[package]]
name = "wasm-bindgen"
version = "0.2.93"
source = "registry+https://github.com/rust-lang/crates.io-index"
checksum = "a82edfc16a6c469f5f44dc7b571814045d60404b55a0ee849f9bcfa2e63dd9b5"
dependencies = [
 "cfg-if",
 "once_cell",
 "serde",
 "serde_json",
 "wasm-bindgen-macro",
]

[[package]]
name = "wasm-bindgen-backend"
version = "0.2.93"
source = "registry+https://github.com/rust-lang/crates.io-index"
checksum = "9de396da306523044d3302746f1208fa71d7532227f15e347e2d93e4145dd77b"
dependencies = [
 "bumpalo",
 "log",
 "once_cell",
 "proc-macro2",
 "quote",
 "syn 2.0.77",
 "wasm-bindgen-shared",
]

[[package]]
name = "wasm-bindgen-futures"
version = "0.4.43"
source = "registry+https://github.com/rust-lang/crates.io-index"
checksum = "61e9300f63a621e96ed275155c108eb6f843b6a26d053f122ab69724559dc8ed"
dependencies = [
 "cfg-if",
 "js-sys",
 "wasm-bindgen",
 "web-sys",
]

[[package]]
name = "wasm-bindgen-macro"
version = "0.2.93"
source = "registry+https://github.com/rust-lang/crates.io-index"
checksum = "585c4c91a46b072c92e908d99cb1dcdf95c5218eeb6f3bf1efa991ee7a68cccf"
dependencies = [
 "quote",
 "wasm-bindgen-macro-support",
]

[[package]]
name = "wasm-bindgen-macro-support"
version = "0.2.93"
source = "registry+https://github.com/rust-lang/crates.io-index"
checksum = "afc340c74d9005395cf9dd098506f7f44e38f2b4a21c6aaacf9a105ea5e1e836"
dependencies = [
 "proc-macro2",
 "quote",
 "syn 2.0.77",
 "wasm-bindgen-backend",
 "wasm-bindgen-shared",
]

[[package]]
name = "wasm-bindgen-shared"
version = "0.2.93"
source = "registry+https://github.com/rust-lang/crates.io-index"
checksum = "c62a0a307cb4a311d3a07867860911ca130c3494e8c2719593806c08bc5d0484"

[[package]]
name = "web-sys"
version = "0.3.70"
source = "registry+https://github.com/rust-lang/crates.io-index"
checksum = "26fdeaafd9bd129f65e7c031593c24d62186301e0c72c8978fa1678be7d532c0"
dependencies = [
 "js-sys",
 "wasm-bindgen",
]

[[package]]
name = "windows-targets"
version = "0.52.6"
source = "registry+https://github.com/rust-lang/crates.io-index"
checksum = "9b724f72796e036ab90c1021d4780d4d3d648aca59e491e6b98e725b84e99973"
dependencies = [
 "windows_aarch64_gnullvm",
 "windows_aarch64_msvc",
 "windows_i686_gnu",
 "windows_i686_gnullvm",
 "windows_i686_msvc",
 "windows_x86_64_gnu",
 "windows_x86_64_gnullvm",
 "windows_x86_64_msvc",
]

[[package]]
name = "windows_aarch64_gnullvm"
version = "0.52.6"
source = "registry+https://github.com/rust-lang/crates.io-index"
checksum = "32a4622180e7a0ec044bb555404c800bc9fd9ec262ec147edd5989ccd0c02cd3"

[[package]]
name = "windows_aarch64_msvc"
version = "0.52.6"
source = "registry+https://github.com/rust-lang/crates.io-index"
checksum = "09ec2a7bb152e2252b53fa7803150007879548bc709c039df7627cabbd05d469"

[[package]]
name = "windows_i686_gnu"
version = "0.52.6"
source = "registry+https://github.com/rust-lang/crates.io-index"
checksum = "8e9b5ad5ab802e97eb8e295ac6720e509ee4c243f69d781394014ebfe8bbfa0b"

[[package]]
name = "windows_i686_gnullvm"
version = "0.52.6"
source = "registry+https://github.com/rust-lang/crates.io-index"
checksum = "0eee52d38c090b3caa76c563b86c3a4bd71ef1a819287c19d586d7334ae8ed66"

[[package]]
name = "windows_i686_msvc"
version = "0.52.6"
source = "registry+https://github.com/rust-lang/crates.io-index"
checksum = "240948bc05c5e7c6dabba28bf89d89ffce3e303022809e73deaefe4f6ec56c66"

[[package]]
name = "windows_x86_64_gnu"
version = "0.52.6"
source = "registry+https://github.com/rust-lang/crates.io-index"
checksum = "147a5c80aabfbf0c7d901cb5895d1de30ef2907eb21fbbab29ca94c5b08b1a78"

[[package]]
name = "windows_x86_64_gnullvm"
version = "0.52.6"
source = "registry+https://github.com/rust-lang/crates.io-index"
checksum = "24d5b23dc417412679681396f2b49f3de8c1473deb516bd34410872eff51ed0d"

[[package]]
name = "windows_x86_64_msvc"
version = "0.52.6"
source = "registry+https://github.com/rust-lang/crates.io-index"
checksum = "589f6da84c646204747d1270a2a5661ea66ed1cced2631d546fdfb155959f9ec"

[[package]]
name = "zerocopy"
version = "0.7.35"
source = "registry+https://github.com/rust-lang/crates.io-index"
checksum = "1b9b4fd18abc82b8136838da5d50bae7bdea537c574d8dc1a34ed098d6c166f0"
dependencies = [
 "byteorder",
 "zerocopy-derive",
]

[[package]]
name = "zerocopy-derive"
version = "0.7.35"
source = "registry+https://github.com/rust-lang/crates.io-index"
checksum = "fa4f8080344d4671fb4e831a13ad1e68092748387dfc4f55e356242fae12ce3e"
dependencies = [
 "proc-macro2",
 "quote",
 "syn 2.0.77",
]
